{
    "_readme": [
        "This file locks the dependencies of your project to a known state",
        "Read more about it at https://getcomposer.org/doc/01-basic-usage.md#composer-lock-the-lock-file",
        "This file is @generated automatically"
    ],
    "hash": "6cd8b57a75eeba071cf07d18f3faa89b",
    "content-hash": "bd1bc395675973935758a035d7b2595a",
    "packages": [
        {
            "name": "decidir2/php-sdk",
            "version": "dev-master",
            "source": {
                "type": "git",
                "url": "https://github.com/decidir/sdk-php-v2.git",
                "reference": "a14a324996d731b6d0967628ea70c35c89a7e204"
            },
            "dist": {
                "type": "zip",
                "url": "https://api.github.com/repos/decidir/sdk-php-v2/zipball/a14a324996d731b6d0967628ea70c35c89a7e204",
                "reference": "a14a324996d731b6d0967628ea70c35c89a7e204",
                "shasum": ""
            },
            "require": {
                "php": ">=5.3"
            },
            "type": "library",
            "autoload": {
                "psr-4": {
                    "Decidir\\": "Decidir/lib"
                }
            },
            "notification-url": "https://packagist.org/downloads/",
            "description": "SDK para Decidir",
            "time": "2018-03-13 17:23:10"
        }
    ],
    "packages-dev": [],
    "aliases": [],
    "minimum-stability": "stable",
    "stability-flags": {
        "decidir2/php-sdk": 20
    },
    "prefer-stable": false,
    "prefer-lowest": false,
    "platform": [],
    "platform-dev": []
}
